
Microsoft Visual Studio Solution File, Format Version 12.00
# Visual Studio 15
VisualStudioVersion = 15.0.26730.16
MinimumVisualStudioVersion = 10.0.40219.1
Project("{9A19103F-16F7-4668-BE54-9A1E7A4F7556}") = "NextLevelBJJ.Api", "NextLevelBJJ.Api\NextLevelBJJ.Api.csproj", "{05F1B493-A810-4AC0-B289-2BF52545DA57}"
EndProject
Project("{9A19103F-16F7-4668-BE54-9A1E7A4F7556}") = "NextLevelBJJ.WebContentServices", "NextLevelBJJ.ScheduleService\NextLevelBJJ.WebContentServices.csproj", "{5831D9F3-0F3A-420B-B6E2-D96FDF3E7C68}"
EndProject
Project("{9A19103F-16F7-4668-BE54-9A1E7A4F7556}") = "NextLevelBJJ.DataServices", "NextLevelBJJ.DataService\NextLevelBJJ.DataServices.csproj", "{404192BB-0246-4D7E-8ADE-41630DA2C030}"
EndProject
Project("{FAE04EC0-301F-11D3-BF4B-00C04F79EFBC}") = "NextLevelBJJ.UnitTests", "NextLevelBJJ.UnitTests\NextLevelBJJ.UnitTests.csproj", "{E8BA1B5B-DFD4-4826-B23B-3F6502B892A3}"
EndProject
Global
	GlobalSection(SolutionConfigurationPlatforms) = preSolution
		Debug|Any CPU = Debug|Any CPU
		Release|Any CPU = Release|Any CPU
	EndGlobalSection
	GlobalSection(ProjectConfigurationPlatforms) = postSolution
		{05F1B493-A810-4AC0-B289-2BF52545DA57}.Debug|Any CPU.ActiveCfg = Debug|Any CPU
		{05F1B493-A810-4AC0-B289-2BF52545DA57}.Debug|Any CPU.Build.0 = Debug|Any CPU
		{05F1B493-A810-4AC0-B289-2BF52545DA57}.Release|Any CPU.ActiveCfg = Release|Any CPU
		{05F1B493-A810-4AC0-B289-2BF52545DA57}.Release|Any CPU.Build.0 = Release|Any CPU
		{5831D9F3-0F3A-420B-B6E2-D96FDF3E7C68}.Debug|Any CPU.ActiveCfg = Debug|Any CPU
		{5831D9F3-0F3A-420B-B6E2-D96FDF3E7C68}.Debug|Any CPU.Build.0 = Debug|Any CPU
		{5831D9F3-0F3A-420B-B6E2-D96FDF3E7C68}.Release|Any CPU.ActiveCfg = Release|Any CPU
		{5831D9F3-0F3A-420B-B6E2-D96FDF3E7C68}.Release|Any CPU.Build.0 = Release|Any CPU
		{404192BB-0246-4D7E-8ADE-41630DA2C030}.Debug|Any CPU.ActiveCfg = Debug|Any CPU
		{404192BB-0246-4D7E-8ADE-41630DA2C030}.Debug|Any CPU.Build.0 = Debug|Any CPU
		{404192BB-0246-4D7E-8ADE-41630DA2C030}.Release|Any CPU.ActiveCfg = Release|Any CPU
		{404192BB-0246-4D7E-8ADE-41630DA2C030}.Release|Any CPU.Build.0 = Release|Any CPU
		{E8BA1B5B-DFD4-4826-B23B-3F6502B892A3}.Debug|Any CPU.ActiveCfg = Debug|Any CPU
		{E8BA1B5B-DFD4-4826-B23B-3F6502B892A3}.Debug|Any CPU.Build.0 = Debug|Any CPU
		{E8BA1B5B-DFD4-4826-B23B-3F6502B892A3}.Release|Any CPU.ActiveCfg = Release|Any CPU
		{E8BA1B5B-DFD4-4826-B23B-3F6502B892A3}.Release|Any CPU.Build.0 = Release|Any CPU
	EndGlobalSection
	GlobalSection(SolutionProperties) = preSolution
		HideSolutionNode = FALSE
	EndGlobalSection
	GlobalSection(ExtensibilityGlobals) = postSolution
		SolutionGuid = {2B1B0D61-8480-41C6-AA86-24FDA7D52A2D}
	EndGlobalSection
EndGlobal
